
Microsoft Visual Studio Solution File, Format Version 12.00
# Visual Studio Version 17
VisualStudioVersion = 17.10.35013.160
MinimumVisualStudioVersion = 10.0.40219.1
Project("{9A19103F-16F7-4668-BE54-9A1E7A4F7556}") = "InfuencerApp", "InfuencerApp.csproj", "{F1B75E7D-2183-4D2C-8C87-2074B3603E4F}"
EndProject
Global
	GlobalSection(SolutionConfigurationPlatforms) = preSolution
		Debug|Any CPU = Debug|Any CPU
		Release|Any CPU = Release|Any CPU
	EndGlobalSection
	GlobalSection(ProjectConfigurationPlatforms) = postSolution
		{F1B75E7D-2183-4D2C-8C87-2074B3603E4F}.Debug|Any CPU.ActiveCfg = Debug|Any CPU
		{F1B75E7D-2183-4D2C-8C87-2074B3603E4F}.Debug|Any CPU.Build.0 = Debug|Any CPU
		{F1B75E7D-2183-4D2C-8C87-2074B3603E4F}.Release|Any CPU.ActiveCfg = Release|Any CPU
		{F1B75E7D-2183-4D2C-8C87-2074B3603E4F}.Release|Any CPU.Build.0 = Release|Any CPU
	EndGlobalSection
	GlobalSection(SolutionProperties) = preSolution
		HideSolutionNode = FALSE
	EndGlobalSection
	GlobalSection(ExtensibilityGlobals) = postSolution
		SolutionGuid = {EDDC66C6-5C17-4A52-A213-1AC5FECF3C64}
	EndGlobalSection
EndGlobal
